
Microsoft Visual Studio Solution File, Format Version 12.00
# Visual Studio 14
VisualStudioVersion = 14.0.25420.1
MinimumVisualStudioVersion = 10.0.40219.1
Project("{FAE04EC0-301F-11D3-BF4B-00C04F79EFBC}") = "SistemaLojaCosmeticos", "SistemaLojaCosmeticos\SistemaLojaCosmeticos.csproj", "{CAEA4493-CC63-4E1D-BF1B-B419B3F207B8}"
EndProject
Project("{F088123C-0E9E-452A-89E6-6BA2F21D5CAC}") = "ModelagemSistema", "ModelagemSistema\ModelagemSistema.modelproj", "{7EE98820-EF87-4E88-BE1A-855270AF0824}"
EndProject
Global
	GlobalSection(SolutionConfigurationPlatforms) = preSolution
		Debug|Any CPU = Debug|Any CPU
		Release|Any CPU = Release|Any CPU
	EndGlobalSection
	GlobalSection(ProjectConfigurationPlatforms) = postSolution
		{CAEA4493-CC63-4E1D-BF1B-B419B3F207B8}.Debug|Any CPU.ActiveCfg = Debug|Any CPU
		{CAEA4493-CC63-4E1D-BF1B-B419B3F207B8}.Debug|Any CPU.Build.0 = Debug|Any CPU
		{CAEA4493-CC63-4E1D-BF1B-B419B3F207B8}.Release|Any CPU.ActiveCfg = Release|Any CPU
		{CAEA4493-CC63-4E1D-BF1B-B419B3F207B8}.Release|Any CPU.Build.0 = Release|Any CPU
		{7EE98820-EF87-4E88-BE1A-855270AF0824}.Debug|Any CPU.ActiveCfg = Debug|Any CPU
		{7EE98820-EF87-4E88-BE1A-855270AF0824}.Debug|Any CPU.Build.0 = Debug|Any CPU
		{7EE98820-EF87-4E88-BE1A-855270AF0824}.Release|Any CPU.ActiveCfg = Release|Any CPU
		{7EE98820-EF87-4E88-BE1A-855270AF0824}.Release|Any CPU.Build.0 = Release|Any CPU
	EndGlobalSection
	GlobalSection(SolutionProperties) = preSolution
		HideSolutionNode = FALSE
	EndGlobalSection
EndGlobal
